
Microsoft Visual Studio Solution File, Format Version 12.00
# Visual Studio 14
VisualStudioVersion = 14.0.25420.1
MinimumVisualStudioVersion = 10.0.40219.1
Project("{FAE04EC0-301F-11D3-BF4B-00C04F79EFBC}") = "AopSdk", "AopSDK\AopSdk.csproj", "{9C11CAE5-5188-4E71-825B-68FC3135728A}"
EndProject
Project("{FAE04EC0-301F-11D3-BF4B-00C04F79EFBC}") = "WeiXinPaySDK", "WeiXinPaySDK\WeiXinPaySDK.csproj", "{9E8F8B10-0799-4794-BEF3-C096044B9EDD}"
EndProject
Project("{FAE04EC0-301F-11D3-BF4B-00C04F79EFBC}") = "F2FPayWeb", "F2FPayWeb\F2FPayWeb.csproj", "{927CFA86-9540-4F81-A675-B427DA3FB549}"
EndProject
Project("{FAE04EC0-301F-11D3-BF4B-00C04F79EFBC}") = "Common.F2FPay", "Common.F2FPay\Common.F2FPay.csproj", "{13AF223C-0AFE-40B6-A5FC-55E191B421B9}"
EndProject
Global
	GlobalSection(SolutionConfigurationPlatforms) = preSolution
		Debug|Any CPU = Debug|Any CPU
		Release|Any CPU = Release|Any CPU
	EndGlobalSection
	GlobalSection(ProjectConfigurationPlatforms) = postSolution
		{9C11CAE5-5188-4E71-825B-68FC3135728A}.Debug|Any CPU.ActiveCfg = Debug|Any CPU
		{9C11CAE5-5188-4E71-825B-68FC3135728A}.Debug|Any CPU.Build.0 = Debug|Any CPU
		{9C11CAE5-5188-4E71-825B-68FC3135728A}.Release|Any CPU.ActiveCfg = Release|Any CPU
		{9C11CAE5-5188-4E71-825B-68FC3135728A}.Release|Any CPU.Build.0 = Release|Any CPU
		{9E8F8B10-0799-4794-BEF3-C096044B9EDD}.Debug|Any CPU.ActiveCfg = Debug|Any CPU
		{9E8F8B10-0799-4794-BEF3-C096044B9EDD}.Debug|Any CPU.Build.0 = Debug|Any CPU
		{9E8F8B10-0799-4794-BEF3-C096044B9EDD}.Release|Any CPU.ActiveCfg = Release|Any CPU
		{9E8F8B10-0799-4794-BEF3-C096044B9EDD}.Release|Any CPU.Build.0 = Release|Any CPU
		{927CFA86-9540-4F81-A675-B427DA3FB549}.Debug|Any CPU.ActiveCfg = Debug|Any CPU
		{927CFA86-9540-4F81-A675-B427DA3FB549}.Debug|Any CPU.Build.0 = Debug|Any CPU
		{927CFA86-9540-4F81-A675-B427DA3FB549}.Release|Any CPU.ActiveCfg = Release|Any CPU
		{927CFA86-9540-4F81-A675-B427DA3FB549}.Release|Any CPU.Build.0 = Release|Any CPU
		{13AF223C-0AFE-40B6-A5FC-55E191B421B9}.Debug|Any CPU.ActiveCfg = Debug|Any CPU
		{13AF223C-0AFE-40B6-A5FC-55E191B421B9}.Debug|Any CPU.Build.0 = Debug|Any CPU
		{13AF223C-0AFE-40B6-A5FC-55E191B421B9}.Release|Any CPU.ActiveCfg = Release|Any CPU
		{13AF223C-0AFE-40B6-A5FC-55E191B421B9}.Release|Any CPU.Build.0 = Release|Any CPU
	EndGlobalSection
	GlobalSection(SolutionProperties) = preSolution
		HideSolutionNode = FALSE
	EndGlobalSection
EndGlobal
